
Microsoft Visual Studio Solution File, Format Version 12.00
# Visual Studio Version 17
VisualStudioVersion = 17.13.35806.99
MinimumVisualStudioVersion = 10.0.40219.1
Project("{FAE04EC0-301F-11D3-BF4B-00C04F79EFBC}") = "QPADrv_DriveSettings", "QPADrv_DriveSettings\QPADrv_DriveSettings.csproj", "{3BEB7DF4-AA55-41F9-BFBB-FB41D402B36F}"
EndProject
Project("{FAE04EC0-301F-11D3-BF4B-00C04F79EFBC}") = "StartdriveHelper", "StartdriveHelper\StartdriveHelper.csproj", "{0B6390ED-3CA1-4B18-AD16-150CA1E4C17D}"
EndProject
Project("{FAE04EC0-301F-11D3-BF4B-00C04F79EFBC}") = "WPF", "WPF\WPF.csproj", "{E97A117E-A0F4-4782-AC33-B29E1570E002}"
EndProject
Global
	GlobalSection(SolutionConfigurationPlatforms) = preSolution
		Debug|Any CPU = Debug|Any CPU
		Release|Any CPU = Release|Any CPU
	EndGlobalSection
	GlobalSection(ProjectConfigurationPlatforms) = postSolution
		{3BEB7DF4-AA55-41F9-BFBB-FB41D402B36F}.Debug|Any CPU.ActiveCfg = Debug|Any CPU
		{3BEB7DF4-AA55-41F9-BFBB-FB41D402B36F}.Debug|Any CPU.Build.0 = Debug|Any CPU
		{3BEB7DF4-AA55-41F9-BFBB-FB41D402B36F}.Release|Any CPU.ActiveCfg = Release|Any CPU
		{3BEB7DF4-AA55-41F9-BFBB-FB41D402B36F}.Release|Any CPU.Build.0 = Release|Any CPU
		{0B6390ED-3CA1-4B18-AD16-150CA1E4C17D}.Debug|Any CPU.ActiveCfg = Debug|Any CPU
		{0B6390ED-3CA1-4B18-AD16-150CA1E4C17D}.Debug|Any CPU.Build.0 = Debug|Any CPU
		{0B6390ED-3CA1-4B18-AD16-150CA1E4C17D}.Release|Any CPU.ActiveCfg = Release|Any CPU
		{0B6390ED-3CA1-4B18-AD16-150CA1E4C17D}.Release|Any CPU.Build.0 = Release|Any CPU
		{E97A117E-A0F4-4782-AC33-B29E1570E002}.Debug|Any CPU.ActiveCfg = Debug|Any CPU
		{E97A117E-A0F4-4782-AC33-B29E1570E002}.Debug|Any CPU.Build.0 = Debug|Any CPU
		{E97A117E-A0F4-4782-AC33-B29E1570E002}.Release|Any CPU.ActiveCfg = Release|Any CPU
		{E97A117E-A0F4-4782-AC33-B29E1570E002}.Release|Any CPU.Build.0 = Release|Any CPU
	EndGlobalSection
	GlobalSection(SolutionProperties) = preSolution
		HideSolutionNode = FALSE
	EndGlobalSection
	GlobalSection(ExtensibilityGlobals) = postSolution
		SolutionGuid = {A80CA88D-7E5D-4000-8EA7-8287BDE30D82}
	EndGlobalSection
EndGlobal
